Microsoft Visual Studio Solution File, Format Version 12.00
# Visual Studio Version 17
VisualStudioVersion = 17.5.2.0
MinimumVisualStudioVersion = 10.0.40219.1
Project("{FAE04EC0-301F-11D3-BF4B-00C04F79EFBC}") = "PTemp_Cabrera", "PTemp_Cabrera.csproj", "{8D3B9331-C24B-FE6C-7D85-813DA6230821}"
EndProject
Global
	GlobalSection(SolutionConfigurationPlatforms) = preSolution
		Debug|Any CPU = Debug|Any CPU
		Release|Any CPU = Release|Any CPU
	EndGlobalSection
	GlobalSection(ProjectConfigurationPlatforms) = postSolution
		{8D3B9331-C24B-FE6C-7D85-813DA6230821}.Debug|Any CPU.ActiveCfg = Debug|Any CPU
		{8D3B9331-C24B-FE6C-7D85-813DA6230821}.Debug|Any CPU.Build.0 = Debug|Any CPU
		{8D3B9331-C24B-FE6C-7D85-813DA6230821}.Release|Any CPU.ActiveCfg = Release|Any CPU
		{8D3B9331-C24B-FE6C-7D85-813DA6230821}.Release|Any CPU.Build.0 = Release|Any CPU
	EndGlobalSection
	GlobalSection(SolutionProperties) = preSolution
		HideSolutionNode = FALSE
	EndGlobalSection
	GlobalSection(ExtensibilityGlobals) = postSolution
		SolutionGuid = {8FDF70ED-5DC8-4EBB-817F-C1305FEB4915}
	EndGlobalSection
EndGlobal
